NeoBundleLock AnsiEsc.vim d2bb7878622e4c16203acf1c92a0f4bc7ac58003
NeoBundleLock ctrlp.vim dfd391062e6f945114bb98c06109904635f73a69
NeoBundleLock emmet-vim 0ccaa29dbde268888be21705b0de5de89b59ef48
NeoBundleLock jellybeans.vim e0b9ef9ff42b91133d7da5d36d2c264994cc3cdd
NeoBundleLock molokai c67bdfcdb31415aa0ade7f8c003261700a885476
NeoBundleLock neocomplete.vim bd5cc9e73dedb07f1ab0a99cc7943ef16732e3e9
NeoBundleLock neomru.vim e86ebb07c3498e81b13a195330831eb845555633
NeoBundleLock neosnippet-snippets 1cd353ac0d0e9ad0eba9d57e3eda34b3abefd7ff
NeoBundleLock neosnippet.vim bcb7620a852a542d0940a2ff691deb9da9309f07
NeoBundleLock tcomment_vim 7c4277754b6b77fb80b47cd4a7384d1e2d6c1538
NeoBundleLock unite.vim a126b978db13f14c4465dc4a8b5dfef1dfe3bec6
NeoBundleLock vim-css3-syntax 0d54d6319f82aa077d5da0b19a41fd8ef198da42
NeoBundleLock vim-endwise 0067ceda37725d01b7bd5bf249d63b1b5d4e2ab4
NeoBundleLock vim-fugitive 57afba5bdd49b59d57485f90aa0cf3f3a6c47f63
NeoBundleLock vim-indent-guides 705c5fdf0d79d6efa5b07997fb92b0d2f767e09a
NeoBundleLock vim-rails eb388f0836236de808d2deab227d2ec29d5c3d66
NeoBundleLock vim-slim 0daaa8581f9a9968cebbc7d14ae9acf1625c0389
NeoBundleLock vim-trailing-whitespace 8328b966ab1449e8313924e46da945e366896fb5
